
Microsoft Visual Studio Solution File, Format Version 12.00
# Visual Studio Version 16
VisualStudioVersion = 16.0.31829.152
MinimumVisualStudioVersion = 10.0.40219.1
Project("{FAE04EC0-301F-11D3-BF4B-00C04F79EFBC}") = "projetoTeste", "projetoTeste\projetoTeste.csproj", "{713CE16C-73EB-45A5-A7B4-DA6A03691CC7}"
EndProject
Global
	GlobalSection(SolutionConfigurationPlatforms) = preSolution
		Debug|Any CPU = Debug|Any CPU
		Release|Any CPU = Release|Any CPU
	EndGlobalSection
	GlobalSection(ProjectConfigurationPlatforms) = postSolution
		{713CE16C-73EB-45A5-A7B4-DA6A03691CC7}.Debug|Any CPU.ActiveCfg = Debug|Any CPU
		{713CE16C-73EB-45A5-A7B4-DA6A03691CC7}.Debug|Any CPU.Build.0 = Debug|Any CPU
		{713CE16C-73EB-45A5-A7B4-DA6A03691CC7}.Release|Any CPU.ActiveCfg = Release|Any CPU
		{713CE16C-73EB-45A5-A7B4-DA6A03691CC7}.Release|Any CPU.Build.0 = Release|Any CPU
	EndGlobalSection
	GlobalSection(SolutionProperties) = preSolution
		HideSolutionNode = FALSE
	EndGlobalSection
	GlobalSection(ExtensibilityGlobals) = postSolution
		SolutionGuid = {81AADC57-60E4-423A-B973-25715148080F}
	EndGlobalSection
EndGlobal
